github.com/jinghui0108/golib v1.0.2 h1:vPcwxq/YJP9luXFXYjJ14t3FkZr0gOAwR3ptlxBPh3s=
github.com/jinghui0108/golib/jlog v0.0.0-20210707070749-d83e4c17d4ac h1:z5PXwSyY5XlMPlU7fu5YHOWUOy9lnuYAYUcS79HxcIw=
github.com/jinghui0108/golib/jlog v0.0.0-20210707070749-d83e4c17d4ac/go.mod h1:NSOriXre4ZhqjEbUeKGcpEIHLLT7CUgWa/v413DdpB4=
github.com/jinghui0108/golib/jtime v0.0.0-20210630064143-320b22392e3c h1:g89ZIDP5OswCPjWPnZ0NYu2BphZSfOHbJdE/HhTvK9M=
github.com/jinghui0108/golib/jtime v0.0.0-20210630064143-320b22392e3c/go.mod h1:lQxOEAao2OvA3lyMY6+ZBQRRAIc9dGqWMdlNQwKE2Hc=
