github.com/yjhi/golib v0.0.0-20211123092420-22a84008fd42 h1:+VtYcWtf9EBOFLfaiR6Td7sUMfu2yNa4QG8CZrnOu2U=
github.com/yjhi/golib/jtime v0.0.0-20211123092420-22a84008fd42 h1:CDXGKHMzri3BpISXqcH70zphfzEHJB/XTLg+6yxGHLg=
github.com/yjhi/golib/jtime v0.0.0-20211123092420-22a84008fd42/go.mod h1:M57V0iy5gGoKT6YpfxgcVF29n8mxxO4+Tise2mkfqg4=
