gitee.com/hhvy/golib v0.0.0-20211123092420-22a84008fd42 h1:+VtYcWtf9EBOFLfaiR6Td7sUMfu2yNa4QG8CZrnOu2U=
gitee.com/hhvy/golib/jerrors v0.0.0-20211123092420-22a84008fd42 h1:DoTTcjrXYY3m4dX0HICVIwnfOkbzRxn2lEiWLD3VPfQ=
gitee.com/hhvy/golib/jerrors v0.0.0-20211123092420-22a84008fd42/go.mod h1:AZIerz9u1u/ZfpiOsIxGhD2IRQ8eu+GRgKjQ5s/ornA=
