gitee.com/yjhi/golib v1.1.1 h1:Mb+9k/fEdc7Veym4Gxifa/bzjeybjnPSB6LubvpdSmw=
gitee.com/yjhi/golib/jlog v0.0.0-20211210054824-e13bdbaed8db h1:/eltTlzDQcCUG882DSMFAxnSUmTO2X7wCmgOwjv2PGA=
gitee.com/yjhi/golib/jlog v0.0.0-20211210054824-e13bdbaed8db/go.mod h1:Hg4jPB6tOk+1X+lbD2qwUQqRyS3efgnEGpUIJyJTQgY=
gitee.com/yjhi/golib/jtime v0.0.0-20211123092420-22a84008fd42 h1:CDXGKHMzri3BpISXqcH70zphfzEHJB/XTLg+6yxGHLg=
gitee.com/yjhi/golib/jtime v0.0.0-20211123092420-22a84008fd42/go.mod h1:M57V0iy5gGoKT6YpfxgcVF29n8mxxO4+Tise2mkfqg4=
